
Microsoft Visual Studio Solution File, Format Version 12.00
# Visual Studio Version 16
VisualStudioVersion = 16.0.30711.63
MinimumVisualStudioVersion = 10.0.40219.1
Project("{9A19103F-16F7-4668-BE54-9A1E7A4F7556}") = "EProdajaRacunarskeOpreme.WebApi", "rs2_amina_delihodic\EProdajaRacunarskeOpreme.WebApi.csproj", "{227DACC2-216B-4CFC-B64B-99E2B4E6B539}"
EndProject
Project("{9A19103F-16F7-4668-BE54-9A1E7A4F7556}") = "Prodaja.Model", "Prodaja.Model\Prodaja.Model.csproj", "{B4FE36D7-6C44-4EA1-B69D-D95A03405492}"
EndProject
Project("{2150E333-8FDC-42A3-9474-1A3956D46DE8}") = "UI", "UI", "{297BA5E7-5353-42EE-A3B9-1868616AD3E4}"
EndProject
Project("{FAE04EC0-301F-11D3-BF4B-00C04F79EFBC}") = "EProdajaRacunarskeOpreme.WinUI", "EProdajaRacunarskeOpreme.WinUI\EProdajaRacunarskeOpreme.WinUI.csproj", "{EB665176-D627-4718-91AB-DFDCB375DD5D}"
EndProject
Project("{2150E333-8FDC-42A3-9474-1A3956D46DE8}") = "Mobile", "Mobile", "{C075B469-4FDB-46B7-827D-2AF8490772B5}"
EndProject
Project("{FAE04EC0-301F-11D3-BF4B-00C04F79EFBC}") = "EProdajaRacOp.MobileApp.UWP", "EProdajaRacOp.MobileApp\EProdajaRacOp.MobileApp.UWP\EProdajaRacOp.MobileApp.UWP.csproj", "{40E529A2-B554-40BA-AC00-03A1C4A7D610}"
EndProject
Project("{FAE04EC0-301F-11D3-BF4B-00C04F79EFBC}") = "EProdajaRacOp.MobileApp.Android", "EProdajaRacOp.MobileApp\EProdajaRacOp.MobileApp.Android\EProdajaRacOp.MobileApp.Android.csproj", "{3B07AE05-6D93-4460-A119-4357569A24D8}"
EndProject
Project("{FAE04EC0-301F-11D3-BF4B-00C04F79EFBC}") = "EProdajaRacOp.MobileApp", "EProdajaRacOp.MobileApp\EProdajaRacOp.MobileApp\EProdajaRacOp.MobileApp.csproj", "{0B1B12FE-EF3B-423F-B1DE-7E7E3077E670}"
EndProject
Global
	GlobalSection(SolutionConfigurationPlatforms) = preSolution
		Debug|Any CPU = Debug|Any CPU
		Debug|ARM = Debug|ARM
		Debug|iPhone = Debug|iPhone
		Debug|iPhoneSimulator = Debug|iPhoneSimulator
		Debug|x64 = Debug|x64
		Debug|x86 = Debug|x86
		Release|Any CPU = Release|Any CPU
		Release|ARM = Release|ARM
		Release|iPhone = Release|iPhone
		Release|iPhoneSimulator = Release|iPhoneSimulator
		Release|x64 = Release|x64
		Release|x86 = Release|x86
	EndGlobalSection
	GlobalSection(ProjectConfigurationPlatforms) = postSolution
		{227DACC2-216B-4CFC-B64B-99E2B4E6B539}.Debug|Any CPU.ActiveCfg = Debug|Any CPU
		{227DACC2-216B-4CFC-B64B-99E2B4E6B539}.Debug|Any CPU.Build.0 = Debug|Any CPU
		{227DACC2-216B-4CFC-B64B-99E2B4E6B539}.Debug|ARM.ActiveCfg = Debug|Any CPU
		{227DACC2-216B-4CFC-B64B-99E2B4E6B539}.Debug|ARM.Build.0 = Debug|Any CPU
		{227DACC2-216B-4CFC-B64B-99E2B4E6B539}.Debug|iPhone.ActiveCfg = Debug|Any CPU
		{227DACC2-216B-4CFC-B64B-99E2B4E6B539}.Debug|iPhone.Build.0 = Debug|Any CPU
		{227DACC2-216B-4CFC-B64B-99E2B4E6B539}.Debug|iPhoneSimulator.ActiveCfg = Debug|Any CPU
		{227DACC2-216B-4CFC-B64B-99E2B4E6B539}.Debug|iPhoneSimulator.Build.0 = Debug|Any CPU
		{227DACC2-216B-4CFC-B64B-99E2B4E6B539}.Debug|x64.ActiveCfg = Debug|Any CPU
		{227DACC2-216B-4CFC-B64B-99E2B4E6B539}.Debug|x64.Build.0 = Debug|Any CPU
		{227DACC2-216B-4CFC-B64B-99E2B4E6B539}.Debug|x86.ActiveCfg = Debug|Any CPU
		{227DACC2-216B-4CFC-B64B-99E2B4E6B539}.Debug|x86.Build.0 = Debug|Any CPU
		{227DACC2-216B-4CFC-B64B-99E2B4E6B539}.Release|Any CPU.ActiveCfg = Release|Any CPU
		{227DACC2-216B-4CFC-B64B-99E2B4E6B539}.Release|Any CPU.Build.0 = Release|Any CPU
		{227DACC2-216B-4CFC-B64B-99E2B4E6B539}.Release|ARM.ActiveCfg = Release|Any CPU
		{227DACC2-216B-4CFC-B64B-99E2B4E6B539}.Release|ARM.Build.0 = Release|Any CPU
		{227DACC2-216B-4CFC-B64B-99E2B4E6B539}.Release|iPhone.ActiveCfg = Release|Any CPU
		{227DACC2-216B-4CFC-B64B-99E2B4E6B539}.Release|iPhone.Build.0 = Release|Any CPU
		{227DACC2-216B-4CFC-B64B-99E2B4E6B539}.Release|iPhoneSimulator.ActiveCfg = Release|Any CPU
		{227DACC2-216B-4CFC-B64B-99E2B4E6B539}.Release|iPhoneSimulator.Build.0 = Release|Any CPU
		{227DACC2-216B-4CFC-B64B-99E2B4E6B539}.Release|x64.ActiveCfg = Release|Any CPU
		{227DACC2-216B-4CFC-B64B-99E2B4E6B539}.Release|x64.Build.0 = Release|Any CPU
		{227DACC2-216B-4CFC-B64B-99E2B4E6B539}.Release|x86.ActiveCfg = Release|Any CPU
		{227DACC2-216B-4CFC-B64B-99E2B4E6B539}.Release|x86.Build.0 = Release|Any CPU
		{B4FE36D7-6C44-4EA1-B69D-D95A03405492}.Debug|Any CPU.ActiveCfg = Debug|Any CPU
		{B4FE36D7-6C44-4EA1-B69D-D95A03405492}.Debug|Any CPU.Build.0 = Debug|Any CPU
		{B4FE36D7-6C44-4EA1-B69D-D95A03405492}.Debug|ARM.ActiveCfg = Debug|Any CPU
		{B4FE36D7-6C44-4EA1-B69D-D95A03405492}.Debug|ARM.Build.0 = Debug|Any CPU
		{B4FE36D7-6C44-4EA1-B69D-D95A03405492}.Debug|iPhone.ActiveCfg = Debug|Any CPU
		{B4FE36D7-6C44-4EA1-B69D-D95A03405492}.Debug|iPhone.Build.0 = Debug|Any CPU
		{B4FE36D7-6C44-4EA1-B69D-D95A03405492}.Debug|iPhoneSimulator.ActiveCfg = Debug|Any CPU
		{B4FE36D7-6C44-4EA1-B69D-D95A03405492}.Debug|iPhoneSimulator.Build.0 = Debug|Any CPU
		{B4FE36D7-6C44-4EA1-B69D-D95A03405492}.Debug|x64.ActiveCfg = Debug|Any CPU
		{B4FE36D7-6C44-4EA1-B69D-D95A03405492}.Debug|x64.Build.0 = Debug|Any CPU
		{B4FE36D7-6C44-4EA1-B69D-D95A03405492}.Debug|x86.ActiveCfg = Debug|Any CPU
		{B4FE36D7-6C44-4EA1-B69D-D95A03405492}.Debug|x86.Build.0 = Debug|Any CPU
		{B4FE36D7-6C44-4EA1-B69D-D95A03405492}.Release|Any CPU.ActiveCfg = Release|Any CPU
		{B4FE36D7-6C44-4EA1-B69D-D95A03405492}.Release|Any CPU.Build.0 = Release|Any CPU
		{B4FE36D7-6C44-4EA1-B69D-D95A03405492}.Release|ARM.ActiveCfg = Release|Any CPU
		{B4FE36D7-6C44-4EA1-B69D-D95A03405492}.Release|ARM.Build.0 = Release|Any CPU
		{B4FE36D7-6C44-4EA1-B69D-D95A03405492}.Release|iPhone.ActiveCfg = Release|Any CPU
		{B4FE36D7-6C44-4EA1-B69D-D95A03405492}.Release|iPhone.Build.0 = Release|Any CPU
		{B4FE36D7-6C44-4EA1-B69D-D95A03405492}.Release|iPhoneSimulator.ActiveCfg = Release|Any CPU
		{B4FE36D7-6C44-4EA1-B69D-D95A03405492}.Release|iPhoneSimulator.Build.0 = Release|Any CPU
		{B4FE36D7-6C44-4EA1-B69D-D95A03405492}.Release|x64.ActiveCfg = Release|Any CPU
		{B4FE36D7-6C44-4EA1-B69D-D95A03405492}.Release|x64.Build.0 = Release|Any CPU
		{B4FE36D7-6C44-4EA1-B69D-D95A03405492}.Release|x86.ActiveCfg = Release|Any CPU
		{B4FE36D7-6C44-4EA1-B69D-D95A03405492}.Release|x86.Build.0 = Release|Any CPU
		{EB665176-D627-4718-91AB-DFDCB375DD5D}.Debug|Any CPU.ActiveCfg = Debug|Any CPU
		{EB665176-D627-4718-91AB-DFDCB375DD5D}.Debug|Any CPU.Build.0 = Debug|Any CPU
		{EB665176-D627-4718-91AB-DFDCB375DD5D}.Debug|ARM.ActiveCfg = Debug|Any CPU
		{EB665176-D627-4718-91AB-DFDCB375DD5D}.Debug|ARM.Build.0 = Debug|Any CPU
		{EB665176-D627-4718-91AB-DFDCB375DD5D}.Debug|iPhone.ActiveCfg = Debug|Any CPU
		{EB665176-D627-4718-91AB-DFDCB375DD5D}.Debug|iPhone.Build.0 = Debug|Any CPU
		{EB665176-D627-4718-91AB-DFDCB375DD5D}.Debug|iPhoneSimulator.ActiveCfg = Debug|Any CPU
		{EB665176-D627-4718-91AB-DFDCB375DD5D}.Debug|iPhoneSimulator.Build.0 = Debug|Any CPU
		{EB665176-D627-4718-91AB-DFDCB375DD5D}.Debug|x64.ActiveCfg = Debug|Any CPU
		{EB665176-D627-4718-91AB-DFDCB375DD5D}.Debug|x64.Build.0 = Debug|Any CPU
		{EB665176-D627-4718-91AB-DFDCB375DD5D}.Debug|x86.ActiveCfg = Debug|Any CPU
		{EB665176-D627-4718-91AB-DFDCB375DD5D}.Debug|x86.Build.0 = Debug|Any CPU
		{EB665176-D627-4718-91AB-DFDCB375DD5D}.Release|Any CPU.ActiveCfg = Release|Any CPU
		{EB665176-D627-4718-91AB-DFDCB375DD5D}.Release|Any CPU.Build.0 = Release|Any CPU
		{EB665176-D627-4718-91AB-DFDCB375DD5D}.Release|ARM.ActiveCfg = Release|Any CPU
		{EB665176-D627-4718-91AB-DFDCB375DD5D}.Release|ARM.Build.0 = Release|Any CPU
		{EB665176-D627-4718-91AB-DFDCB375DD5D}.Release|iPhone.ActiveCfg = Release|Any CPU
		{EB665176-D627-4718-91AB-DFDCB375DD5D}.Release|iPhone.Build.0 = Release|Any CPU
		{EB665176-D627-4718-91AB-DFDCB375DD5D}.Release|iPhoneSimulator.ActiveCfg = Release|Any CPU
		{EB665176-D627-4718-91AB-DFDCB375DD5D}.Release|iPhoneSimulator.Build.0 = Release|Any CPU
		{EB665176-D627-4718-91AB-DFDCB375DD5D}.Release|x64.ActiveCfg = Release|Any CPU
		{EB665176-D627-4718-91AB-DFDCB375DD5D}.Release|x64.Build.0 = Release|Any CPU
		{EB665176-D627-4718-91AB-DFDCB375DD5D}.Release|x86.ActiveCfg = Release|Any CPU
		{EB665176-D627-4718-91AB-DFDCB375DD5D}.Release|x86.Build.0 = Release|Any CPU
		{40E529A2-B554-40BA-AC00-03A1C4A7D610}.Debug|Any CPU.ActiveCfg = Debug|x86
		{40E529A2-B554-40BA-AC00-03A1C4A7D610}.Debug|ARM.ActiveCfg = Debug|ARM
		{40E529A2-B554-40BA-AC00-03A1C4A7D610}.Debug|ARM.Build.0 = Debug|ARM
		{40E529A2-B554-40BA-AC00-03A1C4A7D610}.Debug|ARM.Deploy.0 = Debug|ARM
		{40E529A2-B554-40BA-AC00-03A1C4A7D610}.Debug|iPhone.ActiveCfg = Debug|x86
		{40E529A2-B554-40BA-AC00-03A1C4A7D610}.Debug|iPhoneSimulator.ActiveCfg = Debug|x86
		{40E529A2-B554-40BA-AC00-03A1C4A7D610}.Debug|x64.ActiveCfg = Debug|x64
		{40E529A2-B554-40BA-AC00-03A1C4A7D610}.Debug|x64.Build.0 = Debug|x64
		{40E529A2-B554-40BA-AC00-03A1C4A7D610}.Debug|x64.Deploy.0 = Debug|x64
		{40E529A2-B554-40BA-AC00-03A1C4A7D610}.Debug|x86.ActiveCfg = Debug|x86
		{40E529A2-B554-40BA-AC00-03A1C4A7D610}.Debug|x86.Build.0 = Debug|x86
		{40E529A2-B554-40BA-AC00-03A1C4A7D610}.Debug|x86.Deploy.0 = Debug|x86
		{40E529A2-B554-40BA-AC00-03A1C4A7D610}.Release|Any CPU.ActiveCfg = Release|x86
		{40E529A2-B554-40BA-AC00-03A1C4A7D610}.Release|ARM.ActiveCfg = Release|ARM
		{40E529A2-B554-40BA-AC00-03A1C4A7D610}.Release|ARM.Build.0 = Release|ARM
		{40E529A2-B554-40BA-AC00-03A1C4A7D610}.Release|ARM.Deploy.0 = Release|ARM
		{40E529A2-B554-40BA-AC00-03A1C4A7D610}.Release|iPhone.ActiveCfg = Release|x86
		{40E529A2-B554-40BA-AC00-03A1C4A7D610}.Release|iPhoneSimulator.ActiveCfg = Release|x86
		{40E529A2-B554-40BA-AC00-03A1C4A7D610}.Release|x64.ActiveCfg = Release|x64
		{40E529A2-B554-40BA-AC00-03A1C4A7D610}.Release|x64.Build.0 = Release|x64
		{40E529A2-B554-40BA-AC00-03A1C4A7D610}.Release|x64.Deploy.0 = Release|x64
		{40E529A2-B554-40BA-AC00-03A1C4A7D610}.Release|x86.ActiveCfg = Release|x86
		{40E529A2-B554-40BA-AC00-03A1C4A7D610}.Release|x86.Build.0 = Release|x86
		{40E529A2-B554-40BA-AC00-03A1C4A7D610}.Release|x86.Deploy.0 = Release|x86
		{3B07AE05-6D93-4460-A119-4357569A24D8}.Debug|Any CPU.ActiveCfg = Debug|Any CPU
		{3B07AE05-6D93-4460-A119-4357569A24D8}.Debug|Any CPU.Build.0 = Debug|Any CPU
		{3B07AE05-6D93-4460-A119-4357569A24D8}.Debug|Any CPU.Deploy.0 = Debug|Any CPU
		{3B07AE05-6D93-4460-A119-4357569A24D8}.Debug|ARM.ActiveCfg = Debug|Any CPU
		{3B07AE05-6D93-4460-A119-4357569A24D8}.Debug|ARM.Build.0 = Debug|Any CPU
		{3B07AE05-6D93-4460-A119-4357569A24D8}.Debug|ARM.Deploy.0 = Debug|Any CPU
		{3B07AE05-6D93-4460-A119-4357569A24D8}.Debug|iPhone.ActiveCfg = Debug|Any CPU
		{3B07AE05-6D93-4460-A119-4357569A24D8}.Debug|iPhone.Build.0 = Debug|Any CPU
		{3B07AE05-6D93-4460-A119-4357569A24D8}.Debug|iPhone.Deploy.0 = Debug|Any CPU
		{3B07AE05-6D93-4460-A119-4357569A24D8}.Debug|iPhoneSimulator.ActiveCfg = Debug|Any CPU
		{3B07AE05-6D93-4460-A119-4357569A24D8}.Debug|iPhoneSimulator.Build.0 = Debug|Any CPU
		{3B07AE05-6D93-4460-A119-4357569A24D8}.Debug|iPhoneSimulator.Deploy.0 = Debug|Any CPU
		{3B07AE05-6D93-4460-A119-4357569A24D8}.Debug|x64.ActiveCfg = Debug|Any CPU
		{3B07AE05-6D93-4460-A119-4357569A24D8}.Debug|x64.Build.0 = Debug|Any CPU
		{3B07AE05-6D93-4460-A119-4357569A24D8}.Debug|x64.Deploy.0 = Debug|Any CPU
		{3B07AE05-6D93-4460-A119-4357569A24D8}.Debug|x86.ActiveCfg = Debug|Any CPU
		{3B07AE05-6D93-4460-A119-4357569A24D8}.Debug|x86.Build.0 = Debug|Any CPU
		{3B07AE05-6D93-4460-A119-4357569A24D8}.Debug|x86.Deploy.0 = Debug|Any CPU
		{3B07AE05-6D93-4460-A119-4357569A24D8}.Release|Any CPU.ActiveCfg = Release|Any CPU
		{3B07AE05-6D93-4460-A119-4357569A24D8}.Release|Any CPU.Build.0 = Release|Any CPU
		{3B07AE05-6D93-4460-A119-4357569A24D8}.Release|Any CPU.Deploy.0 = Release|Any CPU
		{3B07AE05-6D93-4460-A119-4357569A24D8}.Release|ARM.ActiveCfg = Release|Any CPU
		{3B07AE05-6D93-4460-A119-4357569A24D8}.Release|ARM.Build.0 = Release|Any CPU
		{3B07AE05-6D93-4460-A119-4357569A24D8}.Release|ARM.Deploy.0 = Release|Any CPU
		{3B07AE05-6D93-4460-A119-4357569A24D8}.Release|iPhone.ActiveCfg = Release|Any CPU
		{3B07AE05-6D93-4460-A119-4357569A24D8}.Release|iPhone.Build.0 = Release|Any CPU
		{3B07AE05-6D93-4460-A119-4357569A24D8}.Release|iPhone.Deploy.0 = Release|Any CPU
		{3B07AE05-6D93-4460-A119-4357569A24D8}.Release|iPhoneSimulator.ActiveCfg = Release|Any CPU
		{3B07AE05-6D93-4460-A119-4357569A24D8}.Release|iPhoneSimulator.Build.0 = Release|Any CPU
		{3B07AE05-6D93-4460-A119-4357569A24D8}.Release|iPhoneSimulator.Deploy.0 = Release|Any CPU
		{3B07AE05-6D93-4460-A119-4357569A24D8}.Release|x64.ActiveCfg = Release|Any CPU
		{3B07AE05-6D93-4460-A119-4357569A24D8}.Release|x64.Build.0 = Release|Any CPU
		{3B07AE05-6D93-4460-A119-4357569A24D8}.Release|x64.Deploy.0 = Release|Any CPU
		{3B07AE05-6D93-4460-A119-4357569A24D8}.Release|x86.ActiveCfg = Release|Any CPU
		{3B07AE05-6D93-4460-A119-4357569A24D8}.Release|x86.Build.0 = Release|Any CPU
		{3B07AE05-6D93-4460-A119-4357569A24D8}.Release|x86.Deploy.0 = Release|Any CPU
		{0B1B12FE-EF3B-423F-B1DE-7E7E3077E670}.Debug|Any CPU.ActiveCfg = Debug|Any CPU
		{0B1B12FE-EF3B-423F-B1DE-7E7E3077E670}.Debug|Any CPU.Build.0 = Debug|Any CPU
		{0B1B12FE-EF3B-423F-B1DE-7E7E3077E670}.Debug|ARM.ActiveCfg = Debug|Any CPU
		{0B1B12FE-EF3B-423F-B1DE-7E7E3077E670}.Debug|ARM.Build.0 = Debug|Any CPU
		{0B1B12FE-EF3B-423F-B1DE-7E7E3077E670}.Debug|iPhone.ActiveCfg = Debug|Any CPU
		{0B1B12FE-EF3B-423F-B1DE-7E7E3077E670}.Debug|iPhone.Build.0 = Debug|Any CPU
		{0B1B12FE-EF3B-423F-B1DE-7E7E3077E670}.Debug|iPhoneSimulator.ActiveCfg = Debug|Any CPU
		{0B1B12FE-EF3B-423F-B1DE-7E7E3077E670}.Debug|iPhoneSimulator.Build.0 = Debug|Any CPU
		{0B1B12FE-EF3B-423F-B1DE-7E7E3077E670}.Debug|x64.ActiveCfg = Debug|Any CPU
		{0B1B12FE-EF3B-423F-B1DE-7E7E3077E670}.Debug|x64.Build.0 = Debug|Any CPU
		{0B1B12FE-EF3B-423F-B1DE-7E7E3077E670}.Debug|x86.ActiveCfg = Debug|Any CPU
		{0B1B12FE-EF3B-423F-B1DE-7E7E3077E670}.Debug|x86.Build.0 = Debug|Any CPU
		{0B1B12FE-EF3B-423F-B1DE-7E7E3077E670}.Release|Any CPU.ActiveCfg = Release|Any CPU
		{0B1B12FE-EF3B-423F-B1DE-7E7E3077E670}.Release|Any CPU.Build.0 = Release|Any CPU
		{0B1B12FE-EF3B-423F-B1DE-7E7E3077E670}.Release|ARM.ActiveCfg = Release|Any CPU
		{0B1B12FE-EF3B-423F-B1DE-7E7E3077E670}.Release|ARM.Build.0 = Release|Any CPU
		{0B1B12FE-EF3B-423F-B1DE-7E7E3077E670}.Release|iPhone.ActiveCfg = Release|Any CPU
		{0B1B12FE-EF3B-423F-B1DE-7E7E3077E670}.Release|iPhone.Build.0 = Release|Any CPU
		{0B1B12FE-EF3B-423F-B1DE-7E7E3077E670}.Release|iPhoneSimulator.ActiveCfg = Release|Any CPU
		{0B1B12FE-EF3B-423F-B1DE-7E7E3077E670}.Release|iPhoneSimulator.Build.0 = Release|Any CPU
		{0B1B12FE-EF3B-423F-B1DE-7E7E3077E670}.Release|x64.ActiveCfg = Release|Any CPU
		{0B1B12FE-EF3B-423F-B1DE-7E7E3077E670}.Release|x64.Build.0 = Release|Any CPU
		{0B1B12FE-EF3B-423F-B1DE-7E7E3077E670}.Release|x86.ActiveCfg = Release|Any CPU
		{0B1B12FE-EF3B-423F-B1DE-7E7E3077E670}.Release|x86.Build.0 = Release|Any CPU
	EndGlobalSection
	GlobalSection(SolutionProperties) = preSolution
		HideSolutionNode = FALSE
	EndGlobalSection
	GlobalSection(NestedProjects) = preSolution
		{EB665176-D627-4718-91AB-DFDCB375DD5D} = {297BA5E7-5353-42EE-A3B9-1868616AD3E4}
		{40E529A2-B554-40BA-AC00-03A1C4A7D610} = {C075B469-4FDB-46B7-827D-2AF8490772B5}
		{3B07AE05-6D93-4460-A119-4357569A24D8} = {C075B469-4FDB-46B7-827D-2AF8490772B5}
		{0B1B12FE-EF3B-423F-B1DE-7E7E3077E670} = {C075B469-4FDB-46B7-827D-2AF8490772B5}
	EndGlobalSection
	GlobalSection(ExtensibilityGlobals) = postSolution
		SolutionGuid = {123211FA-6C93-41AC-9FC9-D34D86F2CEA4}
	EndGlobalSection
EndGlobal
